
Microsoft Visual Studio Solution File, Format Version 12.00
# Visual Studio 2012
Project("{FAE04EC0-301F-11D3-BF4B-00C04F79EFBC}") = "TAServer", "TAServer\TAServer.csproj", "{473C819A-8790-4DD5-B5B5-D8074C620F2F}"
	ProjectSection(ProjectDependencies) = postProject
		{960999F6-C114-4633-8269-BF249CF181C0} = {960999F6-C114-4633-8269-BF249CF181C0}
	EndProjectSection
EndProject
Project("{FAE04EC0-301F-11D3-BF4B-00C04F79EFBC}") = "TAGame", "TAGame\TAGame.csproj", "{960999F6-C114-4633-8269-BF249CF181C0}"
EndProject
Project("{FAE04EC0-301F-11D3-BF4B-00C04F79EFBC}") = "TAClient", "TAClient\TAClient.csproj", "{652C1671-BA84-402B-A40F-440F29809230}"
EndProject
Global
	GlobalSection(SolutionConfigurationPlatforms) = preSolution
		Debug|Any CPU = Debug|Any CPU
		Release|Any CPU = Release|Any CPU
	EndGlobalSection
	GlobalSection(ProjectConfigurationPlatforms) = postSolution
		{473C819A-8790-4DD5-B5B5-D8074C620F2F}.Debug|Any CPU.ActiveCfg = Debug|Any CPU
		{473C819A-8790-4DD5-B5B5-D8074C620F2F}.Debug|Any CPU.Build.0 = Debug|Any CPU
		{473C819A-8790-4DD5-B5B5-D8074C620F2F}.Release|Any CPU.ActiveCfg = Release|Any CPU
		{473C819A-8790-4DD5-B5B5-D8074C620F2F}.Release|Any CPU.Build.0 = Release|Any CPU
		{960999F6-C114-4633-8269-BF249CF181C0}.Debug|Any CPU.ActiveCfg = Debug|Any CPU
		{960999F6-C114-4633-8269-BF249CF181C0}.Debug|Any CPU.Build.0 = Debug|Any CPU
		{960999F6-C114-4633-8269-BF249CF181C0}.Release|Any CPU.ActiveCfg = Release|Any CPU
		{960999F6-C114-4633-8269-BF249CF181C0}.Release|Any CPU.Build.0 = Release|Any CPU
		{652C1671-BA84-402B-A40F-440F29809230}.Debug|Any CPU.ActiveCfg = Debug|Any CPU
		{652C1671-BA84-402B-A40F-440F29809230}.Debug|Any CPU.Build.0 = Debug|Any CPU
		{652C1671-BA84-402B-A40F-440F29809230}.Release|Any CPU.ActiveCfg = Release|Any CPU
		{652C1671-BA84-402B-A40F-440F29809230}.Release|Any CPU.Build.0 = Release|Any CPU
	EndGlobalSection
	GlobalSection(SolutionProperties) = preSolution
		HideSolutionNode = FALSE
	EndGlobalSection
EndGlobal
